<Solution>
  <Configurations>
    <Platform Name="Any CPU" />
    <Platform Name="ARM" />
    <Platform Name="ARM64" />
    <Platform Name="x64" />
    <Platform Name="x86" />
  </Configurations>
  <Project Path="../Classe-outils-topsolid/Classe outils topsolid/OutilsTs.csproj">
    <Platform Project="x64" />
  </Project>
  <Project Path="../JbtPdfViewer/JbtPdfViewer/JbtPdfViewer.csproj" Id="8fac0994-e1dd-431d-abd2-e0984d80cf45" />
  <Project Path="JBTExport/JBTExport.csproj" Id="3d0df4cd-e432-44ca-82ea-b712de1df6f1" />
</Solution>
